// !$*UTF8*$!
{
	archiveVersion = 1;
	classes = {
	};
	objectVersion = 56;
	objects = {

/* Begin PBXBuildFile section */
		02E0AF5E2B0366E8000B4702 /* Mail_repoApp.swift in Sources */ = {isa = PBXBuildFile; fileRef = 02E0AF5D2B0366E8000B4702 /* Mail_repoApp.swift */; };
		02E0AF602B0366E8000B4702 /* ContentView.swift in Sources */ = {isa = PBXBuildFile; fileRef = 02E0AF5F2B0366E8000B4702 /* ContentView.swift */; };
		02E0AF622B0366E9000B4702 /* Assets.xcassets in Resources */ = {isa = PBXBuildFile; fileRef = 02E0AF612B0366E9000B4702 /* Assets.xcassets */; };
		02E0AF652B0366E9000B4702 /* Preview Assets.xcassets in Resources */ = {isa = PBXBuildFile; fileRef = 02E0AF642B0366E9000B4702 /* Preview Assets.xcassets */; };
		02E0AF6C2B038242000B4702 /* IncomingMails.swift in Sources */ = {isa = PBXBuildFile; fileRef = 02E0AF6B2B038242000B4702 /* IncomingMails.swift */; };
		02E0AF6E2B0387A9000B4702 /* CategoryModel.swift in Sources */ = {isa = PBXBuildFile; fileRef = 02E0AF6D2B0387A9000B4702 /* CategoryModel.swift */; };
		02E0AF742B06336A000B4702 /* SectionHeaderView.swift in Sources */ = {isa = PBXBuildFile; fileRef = 02E0AF732B06336A000B4702 /* SectionHeaderView.swift */; };
		02E0AF762B065A19000B4702 /* ShownMailView.swift in Sources */ = {isa = PBXBuildFile; fileRef = 02E0AF752B065A19000B4702 /* ShownMailView.swift */; };
		02E0AF782B076D32000B4702 /* IncomingMailsModel.swift in Sources */ = {isa = PBXBuildFile; fileRef = 02E0AF772B076D32000B4702 /* IncomingMailsModel.swift */; };
		02E0AF7A2B077823000B4702 /* FloatingMenu.swift in Sources */ = {isa = PBXBuildFile; fileRef = 02E0AF792B077823000B4702 /* FloatingMenu.swift */; };
		02E0AF7C2B0BE8E3000B4702 /* NewMessageView.swift in Sources */ = {isa = PBXBuildFile; fileRef = 02E0AF7B2B0BE8E3000B4702 /* NewMessageView.swift */; };
/* End PBXBuildFile section */

/* Begin PBXFileReference section */
		02E0AF5A2B0366E8000B4702 /* Mail-repo.app */ = {isa = PBXFileReference; explicitFileType = wrapper.application; includeInIndex = 0; path = "Mail-repo.app"; sourceTree = BUILT_PRODUCTS_DIR; };
		02E0AF5D2B0366E8000B4702 /* Mail_repoApp.swift */ = {isa = PBXFileReference; lastKnownFileType = sourcecode.swift; path = Mail_repoApp.swift; sourceTree = "<group>"; };
		02E0AF5F2B0366E8000B4702 /* ContentView.swift */ = {isa = PBXFileReference; lastKnownFileType = sourcecode.swift; path = ContentView.swift; sourceTree = "<group>"; };
		02E0AF612B0366E9000B4702 /* Assets.xcassets */ = {isa = PBXFileReference; lastKnownFileType = folder.assetcatalog; path = Assets.xcassets; sourceTree = "<group>"; };
		02E0AF642B0366E9000B4702 /* Preview Assets.xcassets */ = {isa = PBXFileReference; lastKnownFileType = folder.assetcatalog; path = "Preview Assets.xcassets"; sourceTree = "<group>"; };
		02E0AF6B2B038242000B4702 /* IncomingMails.swift */ = {isa = PBXFileReference; lastKnownFileType = sourcecode.swift; path = IncomingMails.swift; sourceTree = "<group>"; };
		02E0AF6D2B0387A9000B4702 /* CategoryModel.swift */ = {isa = PBXFileReference; lastKnownFileType = sourcecode.swift; path = CategoryModel.swift; sourceTree = "<group>"; };
		02E0AF732B06336A000B4702 /* SectionHeaderView.swift */ = {isa = PBXFileReference; lastKnownFileType = sourcecode.swift; path = SectionHeaderView.swift; sourceTree = "<group>"; };
		02E0AF752B065A19000B4702 /* ShownMailView.swift */ = {isa = PBXFileReference; lastKnownFileType = sourcecode.swift; path = ShownMailView.swift; sourceTree = "<group>"; };
		02E0AF772B076D32000B4702 /* IncomingMailsModel.swift */ = {isa = PBXFileReference; lastKnownFileType = sourcecode.swift; path = IncomingMailsModel.swift; sourceTree = "<group>"; };
		02E0AF792B077823000B4702 /* FloatingMenu.swift */ = {isa = PBXFileReference; lastKnownFileType = sourcecode.swift; path = FloatingMenu.swift; sourceTree = "<group>"; };
		02E0AF7B2B0BE8E3000B4702 /* NewMessageView.swift */ = {isa = PBXFileReference; lastKnownFileType = sourcecode.swift; path = NewMessageView.swift; sourceTree = "<group>"; };
/* End PBXFileReference section */

/* Begin PBXFrameworksBuildPhase section */
		02E0AF572B0366E8000B4702 /* Frameworks */ = {
			isa = PBXFrameworksBuildPhase;
			buildActionMask = 2147483647;
			files = (
			);
			runOnlyForDeploymentPostprocessing = 0;
		};
/* End PBXFrameworksBuildPhase section */

/* Begin PBXGroup section */
		02E0AF512B0366E8000B4702 = {
			isa = PBXGroup;
			children = (
				02E0AF5C2B0366E8000B4702 /* Mail-repo */,
				02E0AF5B2B0366E8000B4702 /* Products */,
			);
			sourceTree = "<group>";
		};
		02E0AF5B2B0366E8000B4702 /* Products */ = {
			isa = PBXGroup;
			children = (
				02E0AF5A2B0366E8000B4702 /* Mail-repo.app */,
			);
			name = Products;
			sourceTree = "<group>";
		};
		02E0AF5C2B0366E8000B4702 /* Mail-repo */ = {
			isa = PBXGroup;
			children = (
				02E0AF5D2B0366E8000B4702 /* Mail_repoApp.swift */,
				02E0AF5F2B0366E8000B4702 /* ContentView.swift */,
				02E0AF612B0366E9000B4702 /* Assets.xcassets */,
				02E0AF632B0366E9000B4702 /* Preview Content */,
				02E0AF6B2B038242000B4702 /* IncomingMails.swift */,
				02E0AF792B077823000B4702 /* FloatingMenu.swift */,
				02E0AF7B2B0BE8E3000B4702 /* NewMessageView.swift */,
			);
			path = "Mail-repo";
			sourceTree = "<group>";
		};
		02E0AF632B0366E9000B4702 /* Preview Content */ = {
			isa = PBXGroup;
			children = (
				02E0AF642B0366E9000B4702 /* Preview Assets.xcassets */,
				02E0AF6D2B0387A9000B4702 /* CategoryModel.swift */,
				02E0AF772B076D32000B4702 /* IncomingMailsModel.swift */,
				02E0AF732B06336A000B4702 /* SectionHeaderView.swift */,
				02E0AF752B065A19000B4702 /* ShownMailView.swift */,
			);
			path = "Preview Content";
			sourceTree = "<group>";
		};
/* End PBXGroup section */

/* Begin PBXNativeTarget section */
		02E0AF592B0366E8000B4702 /* Mail-repo */ = {
			isa = PBXNativeTarget;
			buildConfigurationList = 02E0AF682B0366E9000B4702 /* Build configuration list for PBXNativeTarget "Mail-repo" */;
			buildPhases = (
				02E0AF562B0366E8000B4702 /* Sources */,
				02E0AF572B0366E8000B4702 /* Frameworks */,
				02E0AF582B0366E8000B4702 /* Resources */,
			);
			buildRules = (
			);
			dependencies = (
			);
			name = "Mail-repo";
			productName = "Mail-repo";
			productReference = 02E0AF5A2B0366E8000B4702 /* Mail-repo.app */;
			productType = "com.apple.product-type.application";
		};
/* End PBXNativeTarget section */

/* Begin PBXProject section */
		02E0AF522B0366E8000B4702 /* Project object */ = {
			isa = PBXProject;
			attributes = {
				BuildIndependentTargetsInParallel = 1;
				LastSwiftUpdateCheck = 1500;
				LastUpgradeCheck = 1500;
				TargetAttributes = {
					02E0AF592B0366E8000B4702 = {
						CreatedOnToolsVersion = 15.0;
					};
				};
			};
			buildConfigurationList = 02E0AF552B0366E8000B4702 /* Build configuration list for PBXProject "Mail-repo" */;
			compatibilityVersion = "Xcode 14.0";
			developmentRegion = en;
			hasScannedForEncodings = 0;
			knownRegions = (
				en,
				Base,
			);
			mainGroup = 02E0AF512B0366E8000B4702;
			productRefGroup = 02E0AF5B2B0366E8000B4702 /* Products */;
			projectDirPath = "";
			projectRoot = "";
			targets = (
				02E0AF592B0366E8000B4702 /* Mail-repo */,
			);
		};
/* End PBXProject section */

/* Begin PBXResourcesBuildPhase section */
		02E0AF582B0366E8000B4702 /* Resources */ = {
			isa = PBXResourcesBuildPhase;
			buildActionMask = 2147483647;
			files = (
				02E0AF652B0366E9000B4702 /* Preview Assets.xcassets in Resources */,
				02E0AF622B0366E9000B4702 /* Assets.xcassets in Resources */,
			);
			runOnlyForDeploymentPostprocessing = 0;
		};
/* End PBXResourcesBuildPhase section */

/* Begin PBXSourcesBuildPhase section */
		02E0AF562B0366E8000B4702 /* Sources */ = {
			isa = PBXSourcesBuildPhase;
			buildActionMask = 2147483647;
			files = (
				02E0AF7C2B0BE8E3000B4702 /* NewMessageView.swift in Sources */,
				02E0AF782B076D32000B4702 /* IncomingMailsModel.swift in Sources */,
				02E0AF602B0366E8000B4702 /* ContentView.swift in Sources */,
				02E0AF6E2B0387A9000B4702 /* CategoryModel.swift in Sources */,
				02E0AF742B06336A000B4702 /* SectionHeaderView.swift in Sources */,
				02E0AF762B065A19000B4702 /* ShownMailView.swift in Sources */,
				02E0AF5E2B0366E8000B4702 /* Mail_repoApp.swift in Sources */,
				02E0AF7A2B077823000B4702 /* FloatingMenu.swift in Sources */,
				02E0AF6C2B038242000B4702 /* IncomingMails.swift in Sources */,
			);
			runOnlyForDeploymentPostprocessing = 0;
		};
/* End PBXSourcesBuildPhase section */

/* Begin XCBuildConfiguration section */
		02E0AF662B0366E9000B4702 /* Debug */ = {
			isa = XCBuildConfiguration;
			buildSettings = {
				ALWAYS_SEARCH_USER_PATHS = NO;
				ASSETCATALOG_COMPILER_GENERATE_SWIFT_ASSET_SYMBOL_EXTENSIONS = YES;
				CLANG_ANALYZER_NONNULL = YES;
				CLANG_ANALYZER_NUMBER_OBJECT_CONVERSION = YES_AGGRESSIVE;
				CLANG_CXX_LANGUAGE_STANDARD = "gnu++20";
				CLANG_ENABLE_MODULES = YES;
				CLANG_ENABLE_OBJC_ARC = YES;
				CLANG_ENABLE_OBJC_WEAK = YES;
				CLANG_WARN_BLOCK_CAPTURE_AUTORELEASING = YES;
				CLANG_WARN_BOOL_CONVERSION = YES;
				CLANG_WARN_COMMA = YES;
				CLANG_WARN_CONSTANT_CONVERSION = YES;
				CLANG_WARN_DEPRECATED_OBJC_IMPLEMENTATIONS = YES;
				CLANG_WARN_DIRECT_OBJC_ISA_USAGE = YES_ERROR;
				CLANG_WARN_DOCUMENTATION_COMMENTS = YES;
				CLANG_WARN_EMPTY_BODY = YES;
				CLANG_WARN_ENUM_CONVERSION = YES;
				CLANG_WARN_INFINITE_RECURSION = YES;
				CLANG_WARN_INT_CONVERSION = YES;
				CLANG_WARN_NON_LITERAL_NULL_CONVERSION = YES;
				CLANG_WARN_OBJC_IMPLICIT_RETAIN_SELF = YES;
				CLANG_WARN_OBJC_LITERAL_CONVERSION = YES;
				CLANG_WARN_OBJC_ROOT_CLASS = YES_ERROR;
				CLANG_WARN_QUOTED_INCLUDE_IN_FRAMEWORK_HEADER = YES;
				CLANG_WARN_RANGE_LOOP_ANALYSIS = YES;
				CLANG_WARN_STRICT_PROTOTYPES = YES;
				CLANG_WARN_SUSPICIOUS_MOVE = YES;
				CLANG_WARN_UNGUARDED_AVAILABILITY = YES_AGGRESSIVE;
				CLANG_WARN_UNREACHABLE_CODE = YES;
				CLANG_WARN__DUPLICATE_METHOD_MATCH = YES;
				COPY_PHASE_STRIP = NO;
				DEBUG_INFORMATION_FORMAT = dwarf;
				ENABLE_STRICT_OBJC_MSGSEND = YES;
				ENABLE_TESTABILITY = YES;
				ENABLE_USER_SCRIPT_SANDBOXING = YES;
				GCC_C_LANGUAGE_STANDARD = gnu17;
				GCC_DYNAMIC_NO_PIC = NO;
				GCC_NO_COMMON_BLOCKS = YES;
				GCC_OPTIMIZATION_LEVEL = 0;
				GCC_PREPROCESSOR_DEFINITIONS = (
					"DEBUG=1",
					"$(inherited)",
				);
				GCC_WARN_64_TO_32_BIT_CONVERSION = YES;
				GCC_WARN_ABOUT_RETURN_TYPE = YES_ERROR;
				GCC_WARN_UNDECLARED_SELECTOR = YES;
				GCC_WARN_UNINITIALIZED_AUTOS = YES_AGGRESSIVE;
				GCC_WARN_UNUSED_FUNCTION = YES;
				GCC_WARN_UNUSED_VARIABLE = YES;
				IPHONEOS_DEPLOYMENT_TARGET = 17.0;
				LOCALIZATION_PREFERS_STRING_CATALOGS = YES;
				MTL_ENABLE_DEBUG_INFO = INCLUDE_SOURCE;
				MTL_FAST_MATH = YES;
				ONLY_ACTIVE_ARCH = YES;
				SDKROOT = iphoneos;
				SWIFT_ACTIVE_COMPILATION_CONDITIONS = "DEBUG $(inherited)";
				SWIFT_OPTIMIZATION_LEVEL = "-Onone";
			};
			name = Debug;
		};
		02E0AF672B0366E9000B4702 /* Release */ = {
			isa = XCBuildConfiguration;
			buildSettings = {
				ALWAYS_SEARCH_USER_PATHS = NO;
				ASSETCATALOG_COMPILER_GENERATE_SWIFT_ASSET_SYMBOL_EXTENSIONS = YES;
				CLANG_ANALYZER_NONNULL = YES;
				CLANG_ANALYZER_NUMBER_OBJECT_CONVERSION = YES_AGGRESSIVE;
				CLANG_CXX_LANGUAGE_STANDARD = "gnu++20";
				CLANG_ENABLE_MODULES = YES;
				CLANG_ENABLE_OBJC_ARC = YES;
				CLANG_ENABLE_OBJC_WEAK = YES;
				CLANG_WARN_BLOCK_CAPTURE_AUTORELEASING = YES;
				CLANG_WARN_BOOL_CONVERSION = YES;
				CLANG_WARN_COMMA = YES;
				CLANG_WARN_CONSTANT_CONVERSION = YES;
				CLANG_WARN_DEPRECATED_OBJC_IMPLEMENTATIONS = YES;
				CLANG_WARN_DIRECT_OBJC_ISA_USAGE = YES_ERROR;
				CLANG_WARN_DOCUMENTATION_COMMENTS = YES;
				CLANG_WARN_EMPTY_BODY = YES;
				CLANG_WARN_ENUM_CONVERSION = YES;
				CLANG_WARN_INFINITE_RECURSION = YES;
				CLANG_WARN_INT_CONVERSION = YES;
				CLANG_WARN_NON_LITERAL_NULL_CONVERSION = YES;
				CLANG_WARN_OBJC_IMPLICIT_RETAIN_SELF = YES;
				CLANG_WARN_OBJC_LITERAL_CONVERSION = YES;
				CLANG_WARN_OBJC_ROOT_CLASS = YES_ERROR;
				CLANG_WARN_QUOTED_INCLUDE_IN_FRAMEWORK_HEADER = YES;
				CLANG_WARN_RANGE_LOOP_ANALYSIS = YES;
				CLANG_WARN_STRICT_PROTOTYPES = YES;
				CLANG_WARN_SUSPICIOUS_MOVE = YES;
				CLANG_WARN_UNGUARDED_AVAILABILITY = YES_AGGRESSIVE;
				CLANG_WARN_UNREACHABLE_CODE = YES;
				CLANG_WARN__DUPLICATE_METHOD_MATCH = YES;
				COPY_PHASE_STRIP = NO;
				DEBUG_INFORMATION_FORMAT = "dwarf-with-dsym";
				ENABLE_NS_ASSERTIONS = NO;
				ENABLE_STRICT_OBJC_MSGSEND = YES;
				ENABLE_USER_SCRIPT_SANDBOXING = YES;
				GCC_C_LANGUAGE_STANDARD = gnu17;
				GCC_NO_COMMON_BLOCKS = YES;
				GCC_WARN_64_TO_32_BIT_CONVERSION = YES;
				GCC_WARN_ABOUT_RETURN_TYPE = YES_ERROR;
				GCC_WARN_UNDECLARED_SELECTOR = YES;
				GCC_WARN_UNINITIALIZED_AUTOS = YES_AGGRESSIVE;
				GCC_WARN_UNUSED_FUNCTION = YES;
				GCC_WARN_UNUSED_VARIABLE = YES;
				IPHONEOS_DEPLOYMENT_TARGET = 17.0;
				LOCALIZATION_PREFERS_STRING_CATALOGS = YES;
				MTL_ENABLE_DEBUG_INFO = NO;
				MTL_FAST_MATH = YES;
				SDKROOT = iphoneos;
				SWIFT_COMPILATION_MODE = wholemodule;
				VALIDATE_PRODUCT = YES;
			};
			name = Release;
		};
		02E0AF692B0366E9000B4702 /* Debug */ = {
			isa = XCBuildConfiguration;
			buildSettings = {
				ASSETCATALOG_COMPILER_APPICON_NAME = AppIcon;
				ASSETCATALOG_COMPILER_GLOBAL_ACCENT_COLOR_NAME = AccentColor;
				CODE_SIGN_STYLE = Automatic;
				CURRENT_PROJECT_VERSION = 1;
				DEVELOPMENT_ASSET_PATHS = "\"Mail-repo/Preview Content\"";
				DEVELOPMENT_TEAM = D6BMDCNG3L;
				ENABLE_PREVIEWS = YES;
				GENERATE_INFOPLIST_FILE = YES;
				INFOPLIST_KEY_UIApplicationSceneManifest_Generation = YES;
				INFOPLIST_KEY_UIApplicationSupportsIndirectInputEvents = YES;
				INFOPLIST_KEY_UILaunchScreen_Generation = YES;
				INFOPLIST_KEY_UISupportedInterfaceOrientations_iPad = "UIInterfaceOrientationPortrait UIInterfaceOrientationPortraitUpsideDown UIInterfaceOrientationLandscapeLeft UIInterfaceOrientationLandscapeRight";
				INFOPLIST_KEY_UISupportedInterfaceOrientations_iPhone = "UIInterfaceOrientationPortrait UIInterfaceOrientationLandscapeLeft UIInterfaceOrientationLandscapeRight";
				LD_RUNPATH_SEARCH_PATHS = (
					"$(inherited)",
					"@executable_path/Frameworks",
				);
				MARKETING_VERSION = 1.0;
				PRODUCT_BUNDLE_IDENTIFIER = "developer.academy.Mail-repo";
				PRODUCT_NAME = "$(TARGET_NAME)";
				SWIFT_EMIT_LOC_STRINGS = YES;
				SWIFT_VERSION = 5.0;
				TARGETED_DEVICE_FAMILY = "1,2";
			};
			name = Debug;
		};
		02E0AF6A2B0366E9000B4702 /* Release */ = {
			isa = XCBuildConfiguration;
			buildSettings = {
				ASSETCATALOG_COMPILER_APPICON_NAME = AppIcon;
				ASSETCATALOG_COMPILER_GLOBAL_ACCENT_COLOR_NAME = AccentColor;
				CODE_SIGN_STYLE = Automatic;
				CURRENT_PROJECT_VERSION = 1;
				DEVELOPMENT_ASSET_PATHS = "\"Mail-repo/Preview Content\"";
				DEVELOPMENT_TEAM = D6BMDCNG3L;
				ENABLE_PREVIEWS = YES;
				GENERATE_INFOPLIST_FILE = YES;
				INFOPLIST_KEY_UIApplicationSceneManifest_Generation = YES;
				INFOPLIST_KEY_UIApplicationSupportsIndirectInputEvents = YES;
				INFOPLIST_KEY_UILaunchScreen_Generation = YES;
				INFOPLIST_KEY_UISupportedInterfaceOrientations_iPad = "UIInterfaceOrientationPortrait UIInterfaceOrientationPortraitUpsideDown UIInterfaceOrientationLandscapeLeft UIInterfaceOrientationLandscapeRight";
				INFOPLIST_KEY_UISupportedInterfaceOrientations_iPhone = "UIInterfaceOrientationPortrait UIInterfaceOrientationLandscapeLeft UIInterfaceOrientationLandscapeRight";
				LD_RUNPATH_SEARCH_PATHS = (
					"$(inherited)",
					"@executable_path/Frameworks",
				);
				MARKETING_VERSION = 1.0;
				PRODUCT_BUNDLE_IDENTIFIER = "developer.academy.Mail-repo";
				PRODUCT_NAME = "$(TARGET_NAME)";
				SWIFT_EMIT_LOC_STRINGS = YES;
				SWIFT_VERSION = 5.0;
				TARGETED_DEVICE_FAMILY = "1,2";
			};
			name = Release;
		};
/* End XCBuildConfiguration section */

/* Begin XCConfigurationList section */
		02E0AF552B0366E8000B4702 /* Build configuration list for PBXProject "Mail-repo" */ = {
			isa = XCConfigurationList;
			buildConfigurations = (
				02E0AF662B0366E9000B4702 /* Debug */,
				02E0AF672B0366E9000B4702 /* Release */,
			);
			defaultConfigurationIsVisible = 0;
			defaultConfigurationName = Release;
		};
		02E0AF682B0366E9000B4702 /* Build configuration list for PBXNativeTarget "Mail-repo" */ = {
			isa = XCConfigurationList;
			buildConfigurations = (
				02E0AF692B0366E9000B4702 /* Debug */,
				02E0AF6A2B0366E9000B4702 /* Release */,
			);
			defaultConfigurationIsVisible = 0;
			defaultConfigurationName = Release;
		};
/* End XCConfigurationList section */
	};
	rootObject = 02E0AF522B0366E8000B4702 /* Project object */;
}
